{
  "name": "milan-cluster",
  "version": "0.0.1",
  "lockfileVersion": 1,
  "requires": true,
  "dependencies": {
    "@babel/runtime": {
      "version": "7.15.4",
      "resolved": "https://registry.npmjs.org/@babel/runtime/-/runtime-7.15.4.tgz",
      "integrity": "sha512-99catp6bHCaxr4sJ/DbTGgHS4+Rs2RVd2g7iOap6SLGPDknRK9ztKNsE/Fg6QhSeh1FGE5f6gHGQmvvn3I3xhw==",
      "requires": {
        "regenerator-runtime": "^0.13.4"
      }
    },
    "@popperjs/core": {
      "version": "2.9.2",
      "resolved": "https://registry.npmjs.org/@popperjs/core/-/core-2.9.2.tgz",
      "integrity": "sha512-VZMYa7+fXHdwIq1TDhSXoVmSPEGM/aa+6Aiq3nVVJ9bXr24zScr+NlKFKC3iPljA7ho/GAZr+d2jOf5GIRC30Q=="
    },
    "bootstrap": {
      "version": "5.0.2",
      "resolved": "https://registry.npmjs.org/bootstrap/-/bootstrap-5.0.2.tgz",
      "integrity": "sha512-1Ge963tyEQWJJ+8qtXFU6wgmAVj9gweEjibUdbmcCEYsn38tVwRk8107rk2vzt6cfQcRr3SlZ8aQBqaD8aqf+Q=="
    },
    "chart.js": {
      "version": "3.5.1",
      "resolved": "https://registry.npmjs.org/chart.js/-/chart.js-3.5.1.tgz",
      "integrity": "sha512-m5kzt72I1WQ9LILwQC4syla/LD/N413RYv2Dx2nnTkRS9iv/ey1xLTt0DnPc/eWV4zI+BgEgDYBIzbQhZHc/PQ=="
    },
    "chartjs-color": {
      "version": "2.4.1",
      "resolved": "https://registry.npmjs.org/chartjs-color/-/chartjs-color-2.4.1.tgz",
      "integrity": "sha512-haqOg1+Yebys/Ts/9bLo/BqUcONQOdr/hoEr2LLTRl6C5LXctUdHxsCYfvQVg5JIxITrfCNUDr4ntqmQk9+/0w==",
      "requires": {
        "chartjs-color-string": "^0.6.0",
        "color-convert": "^1.9.3"
      }
    },
    "chartjs-color-string": {
      "version": "0.6.0",
      "resolved": "https://registry.npmjs.org/chartjs-color-string/-/chartjs-color-string-0.6.0.tgz",
      "integrity": "sha512-TIB5OKn1hPJvO7JcteW4WY/63v6KwEdt6udfnDE9iCAZgy+V4SrbSxoIbTw/xkUIapjEI4ExGtD0+6D3KyFd7A==",
      "requires": {
        "color-name": "^1.0.0"
      }
    },
    "chartjs-plugin-error-bars": {
      "version": "1.2.3",
      "resolved": "https://registry.npmjs.org/chartjs-plugin-error-bars/-/chartjs-plugin-error-bars-1.2.3.tgz",
      "integrity": "sha512-hHWAADmdOKRYZHOPldNSZqWMpg6rh4EE882FlUDqp3IsmRCBjjjFZ02BL5cjpNkJftQP8/UwmAFactjcZ9lSPA==",
      "requires": {
        "chart.js": "^2.8.0"
      },
      "dependencies": {
        "chart.js": {
          "version": "2.9.4",
          "resolved": "https://registry.npmjs.org/chart.js/-/chart.js-2.9.4.tgz",
          "integrity": "sha512-B07aAzxcrikjAPyV+01j7BmOpxtQETxTSlQ26BEYJ+3iUkbNKaOJ/nDbT6JjyqYxseM0ON12COHYdU2cTIjC7A==",
          "requires": {
            "chartjs-color": "^2.1.0",
            "moment": "^2.10.2"
          }
        }
      }
    },
    "chartjs-plugin-zoom": {
      "version": "1.1.1",
      "resolved": "https://registry.npmjs.org/chartjs-plugin-zoom/-/chartjs-plugin-zoom-1.1.1.tgz",
      "integrity": "sha512-1q54WOzK7FtAjkbemQeqvmFUV0btNYIQny2HbQ6Awq9wUtCz7Zmj6vIgp3C1DYMQwN0nqgpC3vnApqiwI7cSdQ==",
      "requires": {
        "hammerjs": "^2.0.8"
      }
    },
    "color-convert": {
      "version": "1.9.3",
      "resolved": "https://registry.npmjs.org/color-convert/-/color-convert-1.9.3.tgz",
      "integrity": "sha512-QfAUtd+vFdAtFQcC8CCyYt1fYWxSqAiK2cSD6zDB8N3cpsEBAvRxp9zOGg6G/SHHJYAT88/az/IuDGALsNVbGg==",
      "requires": {
        "color-name": "1.1.3"
      },
      "dependencies": {
        "color-name": {
          "version": "1.1.3",
          "resolved": "https://registry.npmjs.org/color-name/-/color-name-1.1.3.tgz",
          "integrity": "sha1-p9BVi9icQveV3UIyj3QIMcpTvCU="
        }
      }
    },
    "color-name": {
      "version": "1.1.4",
      "resolved": "https://registry.npmjs.org/color-name/-/color-name-1.1.4.tgz",
      "integrity": "sha512-dOy+3AuW3a2wNbZHIuMZpTcgjGuLU/uBL/ubcZF9OXbDo8ff4O8yVp5Bf0efS8uEoYo5q4Fx7dY9OgQGXgAsQA=="
    },
    "complex.js": {
      "version": "2.0.15",
      "resolved": "https://registry.npmjs.org/complex.js/-/complex.js-2.0.15.tgz",
      "integrity": "sha512-gDBvQU8IG139ZBQTSo2qvDFP+lANMGluM779csXOr6ny1NUtA3wkUnCFjlDNH/moAVfXtvClYt6G0zarFbtz5w=="
    },
    "d3.js": {
      "version": "0.0.2-security",
      "resolved": "https://registry.npmjs.org/d3.js/-/d3.js-0.0.2-security.tgz",
      "integrity": "sha512-tSm4YPzBhAZpGQGcxXHdQ9L5zanfel8Rnesff4UKDvvbRTDLUC38caf7KYuU90K72AAhCvUJshsczCC3YCZubQ=="
    },
    "decimal.js": {
      "version": "10.3.1",
      "resolved": "https://registry.npmjs.org/decimal.js/-/decimal.js-10.3.1.tgz",
      "integrity": "sha512-V0pfhfr8suzyPGOx3nmq4aHqabehUZn6Ch9kyFpV79TGDTWFmHqUqXdabR7QHqxzrYolF4+tVmJhUG4OURg5dQ=="
    },
    "escape-latex": {
      "version": "1.2.0",
      "resolved": "https://registry.npmjs.org/escape-latex/-/escape-latex-1.2.0.tgz",
      "integrity": "sha512-nV5aVWW1K0wEiUIEdZ4erkGGH8mDxGyxSeqPzRNtWP7ataw+/olFObw7hujFWlVjNsaDFw5VZ5NzVSIqRgfTiw=="
    },
    "fraction.js": {
      "version": "4.1.1",
      "resolved": "https://registry.npmjs.org/fraction.js/-/fraction.js-4.1.1.tgz",
      "integrity": "sha512-MHOhvvxHTfRFpF1geTK9czMIZ6xclsEor2wkIGYYq+PxcQqT7vStJqjhe6S1TenZrMZzo+wlqOufBDVepUEgPg=="
    },
    "hammerjs": {
      "version": "2.0.8",
      "resolved": "https://registry.npmjs.org/hammerjs/-/hammerjs-2.0.8.tgz",
      "integrity": "sha1-BO93hiz/K7edMPdpIJWTAiK/YPE="
    },
    "javascript-natural-sort": {
      "version": "0.7.1",
      "resolved": "https://registry.npmjs.org/javascript-natural-sort/-/javascript-natural-sort-0.7.1.tgz",
      "integrity": "sha1-+eIwPUUH9tdDVac2ZNFED7Wg71k="
    },
    "jquery": {
      "version": "3.6.0",
      "resolved": "https://registry.npmjs.org/jquery/-/jquery-3.6.0.tgz",
      "integrity": "sha512-JVzAR/AjBvVt2BmYhxRCSYysDsPcssdmTFnzyLEts9qNwmjmu4JTAMYubEfwVOSwpQ1I1sKKFcxhZCI2buerfw=="
    },
    "leaflet": {
      "version": "1.7.1",
      "resolved": "https://registry.npmjs.org/leaflet/-/leaflet-1.7.1.tgz",
      "integrity": "sha512-/xwPEBidtg69Q3HlqPdU3DnrXQOvQU/CCHA1tcDQVzOwm91YMYaILjNp7L4Eaw5Z4sOYdbBz6koWyibppd8Zqw=="
    },
    "mathjs": {
      "version": "9.4.4",
      "resolved": "https://registry.npmjs.org/mathjs/-/mathjs-9.4.4.tgz",
      "integrity": "sha512-5EEJXnWOzLDgMHSFyw623nH+MTBZxquWwXtrzTsingOouJJ6UZG2VNO1lwH31IMt9aMno1axO6TYleIP4YSDaQ==",
      "requires": {
        "@babel/runtime": "^7.14.6",
        "complex.js": "^2.0.15",
        "decimal.js": "^10.3.1",
        "escape-latex": "^1.2.0",
        "fraction.js": "^4.1.1",
        "javascript-natural-sort": "^0.7.1",
        "seedrandom": "^3.0.5",
        "tiny-emitter": "^2.1.0",
        "typed-function": "^2.0.0"
      }
    },
    "moment": {
      "version": "2.29.1",
      "resolved": "https://registry.npmjs.org/moment/-/moment-2.29.1.tgz",
      "integrity": "sha512-kHmoybcPV8Sqy59DwNDY3Jefr64lK/by/da0ViFcuA4DH0vQg5Q6Ze5VimxkfQNSC+Mls/Kx53s7TjP1RhFEDQ=="
    },
    "regenerator-runtime": {
      "version": "0.13.9",
      "resolved": "https://registry.npmjs.org/regenerator-runtime/-/regenerator-runtime-0.13.9.tgz",
      "integrity": "sha512-p3VT+cOEgxFsRRA9X4lkI1E+k2/CtnKtU4gcxyaCUreilL/vqI6CdZ3wxVUx3UOUg+gnUOQQcRI7BmSI656MYA=="
    },
    "seedrandom": {
      "version": "3.0.5",
      "resolved": "https://registry.npmjs.org/seedrandom/-/seedrandom-3.0.5.tgz",
      "integrity": "sha512-8OwmbklUNzwezjGInmZ+2clQmExQPvomqjL7LFqOYqtmuxRgQYqOD3mHaU+MvZn5FLUeVxVfQjwLZW/n/JFuqg=="
    },
    "tiny-emitter": {
      "version": "2.1.0",
      "resolved": "https://registry.npmjs.org/tiny-emitter/-/tiny-emitter-2.1.0.tgz",
      "integrity": "sha512-NB6Dk1A9xgQPMoGqC5CVXn123gWyte215ONT5Pp5a0yt4nlEoO1ZWeCwpncaekPHXO60i47ihFnZPiRPjRMq4Q=="
    },
    "typed-function": {
      "version": "2.0.0",
      "resolved": "https://registry.npmjs.org/typed-function/-/typed-function-2.0.0.tgz",
      "integrity": "sha512-Hhy1Iwo/e4AtLZNK10ewVVcP2UEs408DS35ubP825w/YgSBK1KVLwALvvIG4yX75QJrxjCpcWkzkVRB0BwwYlA=="
    }
  }
}
